
Microsoft Visual Studio Solution File, Format Version 12.00
# Visual Studio Version 17
VisualStudioVersion = 17.9.34723.18
MinimumVisualStudioVersion = 10.0.40219.1
Project("{8BC9CEB8-8B4A-11D0-8D11-00A0C91BC942}") = "BubbleSort2024", "BubbleSort2024\BubbleSort2024.vcxproj", "{1FDF160A-1355-4883-B1DB-A5E819C5838D}"
EndProject
Global
	GlobalSection(SolutionConfigurationPlatforms) = preSolution
		Debug|x64 = Debug|x64
		Debug|x86 = Debug|x86
		Release|x64 = Release|x64
		Release|x86 = Release|x86
	EndGlobalSection
	GlobalSection(ProjectConfigurationPlatforms) = postSolution
		{1FDF160A-1355-4883-B1DB-A5E819C5838D}.Debug|x64.ActiveCfg = Debug|x64
		{1FDF160A-1355-4883-B1DB-A5E819C5838D}.Debug|x64.Build.0 = Debug|x64
		{1FDF160A-1355-4883-B1DB-A5E819C5838D}.Debug|x86.ActiveCfg = Debug|Win32
		{1FDF160A-1355-4883-B1DB-A5E819C5838D}.Debug|x86.Build.0 = Debug|Win32
		{1FDF160A-1355-4883-B1DB-A5E819C5838D}.Release|x64.ActiveCfg = Release|x64
		{1FDF160A-1355-4883-B1DB-A5E819C5838D}.Release|x64.Build.0 = Release|x64
		{1FDF160A-1355-4883-B1DB-A5E819C5838D}.Release|x86.ActiveCfg = Release|Win32
		{1FDF160A-1355-4883-B1DB-A5E819C5838D}.Release|x86.Build.0 = Release|Win32
	EndGlobalSection
	GlobalSection(SolutionProperties) = preSolution
		HideSolutionNode = FALSE
	EndGlobalSection
	GlobalSection(ExtensibilityGlobals) = postSolution
		SolutionGuid = {DFCB0BDD-BBC2-4AA8-AE3C-00BE006D8CC9}
	EndGlobalSection
EndGlobal
